
Microsoft Visual Studio Solution File, Format Version 12.00
# Visual Studio 15
VisualStudioVersion = 15.0.27703.2047
MinimumVisualStudioVersion = 10.0.40219.1
Project("{FAE04EC0-301F-11D3-BF4B-00C04F79EFBC}") = "ConsoleApp10", "ConsoleApp10\ConsoleApp10.csproj", "{1FDFDCCF-BA57-46C7-964E-9C8D3F113B49}"
EndProject
Global
	GlobalSection(SolutionConfigurationPlatforms) = preSolution
		Debug|Any CPU = Debug|Any CPU
		Release|Any CPU = Release|Any CPU
	EndGlobalSection
	GlobalSection(ProjectConfigurationPlatforms) = postSolution
		{1FDFDCCF-BA57-46C7-964E-9C8D3F113B49}.Debug|Any CPU.ActiveCfg = Debug|Any CPU
		{1FDFDCCF-BA57-46C7-964E-9C8D3F113B49}.Debug|Any CPU.Build.0 = Debug|Any CPU
		{1FDFDCCF-BA57-46C7-964E-9C8D3F113B49}.Release|Any CPU.ActiveCfg = Release|Any CPU
		{1FDFDCCF-BA57-46C7-964E-9C8D3F113B49}.Release|Any CPU.Build.0 = Release|Any CPU
	EndGlobalSection
	GlobalSection(SolutionProperties) = preSolution
		HideSolutionNode = FALSE
	EndGlobalSection
	GlobalSection(ExtensibilityGlobals) = postSolution
		SolutionGuid = {4C339921-ECF0-4DE6-988F-93BB7F4B164E}
	EndGlobalSection
EndGlobal
